
Microsoft Visual Studio Solution File, Format Version 12.00
# Visual Studio Version 17
VisualStudioVersion = 17.6.33829.357
MinimumVisualStudioVersion = 10.0.40219.1
Project("{9A19103F-16F7-4668-BE54-9A1E7A4F7556}") = "twitterBot", "twitterBot.csproj", "{D6F34E3A-A2B4-47F9-B862-4247446CB46B}"
EndProject
Global
	GlobalSection(SolutionConfigurationPlatforms) = preSolution
		Debug|Any CPU = Debug|Any CPU
		Release|Any CPU = Release|Any CPU
	EndGlobalSection
	GlobalSection(ProjectConfigurationPlatforms) = postSolution
		{D6F34E3A-A2B4-47F9-B862-4247446CB46B}.Debug|Any CPU.ActiveCfg = Debug|Any CPU
		{D6F34E3A-A2B4-47F9-B862-4247446CB46B}.Debug|Any CPU.Build.0 = Debug|Any CPU
		{D6F34E3A-A2B4-47F9-B862-4247446CB46B}.Release|Any CPU.ActiveCfg = Release|Any CPU
		{D6F34E3A-A2B4-47F9-B862-4247446CB46B}.Release|Any CPU.Build.0 = Release|Any CPU
	EndGlobalSection
	GlobalSection(SolutionProperties) = preSolution
		HideSolutionNode = FALSE
	EndGlobalSection
	GlobalSection(ExtensibilityGlobals) = postSolution
		SolutionGuid = {C79000CB-4C49-4EA8-886A-0CF0BA29DF41}
	EndGlobalSection
EndGlobal
